
Microsoft Visual Studio Solution File, Format Version 12.00
# Visual Studio 15
Project("{FAE04EC0-301F-11D3-BF4B-00C04F79EFBC}") = "Assembly-CSharp", "Assembly-CSharp.csproj", "{B23453A3-E9CC-F345-48FF-115943BD47F9}"
EndProject
Project("{FAE04EC0-301F-11D3-BF4B-00C04F79EFBC}") = "CameraAssets", "CameraAssets.csproj", "{27BB2B25-0383-D42A-D340-8A7724B206FA}"
EndProject
Global
	GlobalSection(SolutionConfigurationPlatforms) = preSolution
		Debug|Any CPU = Debug|Any CPU
		Release|Any CPU = Release|Any CPU
	EndGlobalSection
	GlobalSection(ProjectConfigurationPlatforms) = postSolution
		{B23453A3-E9CC-F345-48FF-115943BD47F9}.Debug|Any CPU.ActiveCfg = Debug|Any CPU
		{B23453A3-E9CC-F345-48FF-115943BD47F9}.Debug|Any CPU.Build.0 = Debug|Any CPU
		{B23453A3-E9CC-F345-48FF-115943BD47F9}.Release|Any CPU.ActiveCfg = Release|Any CPU
		{B23453A3-E9CC-F345-48FF-115943BD47F9}.Release|Any CPU.Build.0 = Release|Any CPU
		{27BB2B25-0383-D42A-D340-8A7724B206FA}.Debug|Any CPU.ActiveCfg = Debug|Any CPU
		{27BB2B25-0383-D42A-D340-8A7724B206FA}.Debug|Any CPU.Build.0 = Debug|Any CPU
		{27BB2B25-0383-D42A-D340-8A7724B206FA}.Release|Any CPU.ActiveCfg = Release|Any CPU
		{27BB2B25-0383-D42A-D340-8A7724B206FA}.Release|Any CPU.Build.0 = Release|Any CPU
	EndGlobalSection
	GlobalSection(SolutionProperties) = preSolution
		HideSolutionNode = FALSE
	EndGlobalSection
EndGlobal
